
Microsoft Visual Studio Solution File, Format Version 11.00
# Visual Studio 2010
Project("{FAE04EC0-301F-11D3-BF4B-00C04F79EFBC}") = "notepad2", "notepad2\notepad2.csproj", "{2B11C2B8-E3E7-4166-9FD5-C8AD8815960C}"
EndProject
Project("{54435603-DBB4-11D2-8724-00A0C9A8B90C}") = "Notepad", "Notepad\Notepad.vdproj", "{2930E7C4-9D49-4CA7-8734-451EC4FCB073}"
EndProject
Global
	GlobalSection(SolutionConfigurationPlatforms) = preSolution
		Debug|x86 = Debug|x86
		Release|x86 = Release|x86
	EndGlobalSection
	GlobalSection(ProjectConfigurationPlatforms) = postSolution
		{2B11C2B8-E3E7-4166-9FD5-C8AD8815960C}.Debug|x86.ActiveCfg = Debug|x86
		{2B11C2B8-E3E7-4166-9FD5-C8AD8815960C}.Debug|x86.Build.0 = Debug|x86
		{2B11C2B8-E3E7-4166-9FD5-C8AD8815960C}.Release|x86.ActiveCfg = Release|x86
		{2B11C2B8-E3E7-4166-9FD5-C8AD8815960C}.Release|x86.Build.0 = Release|x86
		{2930E7C4-9D49-4CA7-8734-451EC4FCB073}.Debug|x86.ActiveCfg = Debug
		{2930E7C4-9D49-4CA7-8734-451EC4FCB073}.Release|x86.ActiveCfg = Release
	EndGlobalSection
	GlobalSection(SolutionProperties) = preSolution
		HideSolutionNode = FALSE
	EndGlobalSection
EndGlobal
